
Microsoft Visual Studio Solution File, Format Version 12.00
# Visual Studio 15
VisualStudioVersion = 15.0.26430.16
MinimumVisualStudioVersion = 10.0.40219.1
Project("{8BC9CEB8-8B4A-11D0-8D11-00A0C91BC942}") = "Task1", "Task1\Task1.vcxproj", "{1A3C0E91-5971-4D1B-8CDF-32F7D707D6F1}"
EndProject
Project("{8BC9CEB8-8B4A-11D0-8D11-00A0C91BC942}") = "Task2", "Task2\Task2.vcxproj", "{EFF03CCC-6468-47F4-B6B7-A9EFF0EE1CC2}"
EndProject
Project("{F184B08F-C81C-45F6-A57F-5ABD9991F28F}") = "Task3", "Task3\Task3.vbproj", "{5CFFEB02-A193-4140-BBD7-4FB022A8DAEE}"
EndProject
Project("{F184B08F-C81C-45F6-A57F-5ABD9991F28F}") = "Task4", "Task4\Task4.vbproj", "{0F3B1FCD-8020-4B73-BDC6-DEDF9BE522A4}"
EndProject
Project("{F184B08F-C81C-45F6-A57F-5ABD9991F28F}") = "Task5", "Task5\Task5.vbproj", "{342DD87E-BE5A-4277-A4CC-7A3057648D70}"
EndProject
Project("{8BC9CEB8-8B4A-11D0-8D11-00A0C91BC942}") = "Task6", "Task6\Task6.vcxproj", "{908F4608-BF4E-4245-B39D-F0FE13DECFD1}"
EndProject
Project("{8BC9CEB8-8B4A-11D0-8D11-00A0C91BC942}") = "Task7", "Task7\Task7.vcxproj", "{6BB86BFE-0927-4167-A961-28CBBD00DEB3}"
EndProject
Project("{FAE04EC0-301F-11D3-BF4B-00C04F79EFBC}") = "Task8", "Task8\Task8.csproj", "{E6EA968B-7812-4E10-B32C-B0BBEF26EBBE}"
EndProject
Global
	GlobalSection(SolutionConfigurationPlatforms) = preSolution
		Debug|Any CPU = Debug|Any CPU
		Debug|x64 = Debug|x64
		Debug|x86 = Debug|x86
		Release|Any CPU = Release|Any CPU
		Release|x64 = Release|x64
		Release|x86 = Release|x86
	EndGlobalSection
	GlobalSection(ProjectConfigurationPlatforms) = postSolution
		{1A3C0E91-5971-4D1B-8CDF-32F7D707D6F1}.Debug|Any CPU.ActiveCfg = Debug|Win32
		{1A3C0E91-5971-4D1B-8CDF-32F7D707D6F1}.Debug|x64.ActiveCfg = Debug|x64
		{1A3C0E91-5971-4D1B-8CDF-32F7D707D6F1}.Debug|x64.Build.0 = Debug|x64
		{1A3C0E91-5971-4D1B-8CDF-32F7D707D6F1}.Debug|x86.ActiveCfg = Debug|Win32
		{1A3C0E91-5971-4D1B-8CDF-32F7D707D6F1}.Debug|x86.Build.0 = Debug|Win32
		{1A3C0E91-5971-4D1B-8CDF-32F7D707D6F1}.Release|Any CPU.ActiveCfg = Release|Win32
		{1A3C0E91-5971-4D1B-8CDF-32F7D707D6F1}.Release|x64.ActiveCfg = Release|x64
		{1A3C0E91-5971-4D1B-8CDF-32F7D707D6F1}.Release|x64.Build.0 = Release|x64
		{1A3C0E91-5971-4D1B-8CDF-32F7D707D6F1}.Release|x86.ActiveCfg = Release|Win32
		{1A3C0E91-5971-4D1B-8CDF-32F7D707D6F1}.Release|x86.Build.0 = Release|Win32
		{EFF03CCC-6468-47F4-B6B7-A9EFF0EE1CC2}.Debug|Any CPU.ActiveCfg = Debug|Win32
		{EFF03CCC-6468-47F4-B6B7-A9EFF0EE1CC2}.Debug|x64.ActiveCfg = Debug|x64
		{EFF03CCC-6468-47F4-B6B7-A9EFF0EE1CC2}.Debug|x64.Build.0 = Debug|x64
		{EFF03CCC-6468-47F4-B6B7-A9EFF0EE1CC2}.Debug|x86.ActiveCfg = Debug|Win32
		{EFF03CCC-6468-47F4-B6B7-A9EFF0EE1CC2}.Debug|x86.Build.0 = Debug|Win32
		{EFF03CCC-6468-47F4-B6B7-A9EFF0EE1CC2}.Release|Any CPU.ActiveCfg = Release|Win32
		{EFF03CCC-6468-47F4-B6B7-A9EFF0EE1CC2}.Release|x64.ActiveCfg = Release|x64
		{EFF03CCC-6468-47F4-B6B7-A9EFF0EE1CC2}.Release|x64.Build.0 = Release|x64
		{EFF03CCC-6468-47F4-B6B7-A9EFF0EE1CC2}.Release|x86.ActiveCfg = Release|Win32
		{EFF03CCC-6468-47F4-B6B7-A9EFF0EE1CC2}.Release|x86.Build.0 = Release|Win32
		{5CFFEB02-A193-4140-BBD7-4FB022A8DAEE}.Debug|Any CPU.ActiveCfg = Debug|Any CPU
		{5CFFEB02-A193-4140-BBD7-4FB022A8DAEE}.Debug|Any CPU.Build.0 = Debug|Any CPU
		{5CFFEB02-A193-4140-BBD7-4FB022A8DAEE}.Debug|x64.ActiveCfg = Debug|Any CPU
		{5CFFEB02-A193-4140-BBD7-4FB022A8DAEE}.Debug|x64.Build.0 = Debug|Any CPU
		{5CFFEB02-A193-4140-BBD7-4FB022A8DAEE}.Debug|x86.ActiveCfg = Debug|Any CPU
		{5CFFEB02-A193-4140-BBD7-4FB022A8DAEE}.Debug|x86.Build.0 = Debug|Any CPU
		{5CFFEB02-A193-4140-BBD7-4FB022A8DAEE}.Release|Any CPU.ActiveCfg = Release|Any CPU
		{5CFFEB02-A193-4140-BBD7-4FB022A8DAEE}.Release|Any CPU.Build.0 = Release|Any CPU
		{5CFFEB02-A193-4140-BBD7-4FB022A8DAEE}.Release|x64.ActiveCfg = Release|Any CPU
		{5CFFEB02-A193-4140-BBD7-4FB022A8DAEE}.Release|x64.Build.0 = Release|Any CPU
		{5CFFEB02-A193-4140-BBD7-4FB022A8DAEE}.Release|x86.ActiveCfg = Release|Any CPU
		{5CFFEB02-A193-4140-BBD7-4FB022A8DAEE}.Release|x86.Build.0 = Release|Any CPU
		{0F3B1FCD-8020-4B73-BDC6-DEDF9BE522A4}.Debug|Any CPU.ActiveCfg = Debug|Any CPU
		{0F3B1FCD-8020-4B73-BDC6-DEDF9BE522A4}.Debug|Any CPU.Build.0 = Debug|Any CPU
		{0F3B1FCD-8020-4B73-BDC6-DEDF9BE522A4}.Debug|x64.ActiveCfg = Debug|Any CPU
		{0F3B1FCD-8020-4B73-BDC6-DEDF9BE522A4}.Debug|x64.Build.0 = Debug|Any CPU
		{0F3B1FCD-8020-4B73-BDC6-DEDF9BE522A4}.Debug|x86.ActiveCfg = Debug|Any CPU
		{0F3B1FCD-8020-4B73-BDC6-DEDF9BE522A4}.Debug|x86.Build.0 = Debug|Any CPU
		{0F3B1FCD-8020-4B73-BDC6-DEDF9BE522A4}.Release|Any CPU.ActiveCfg = Release|Any CPU
		{0F3B1FCD-8020-4B73-BDC6-DEDF9BE522A4}.Release|Any CPU.Build.0 = Release|Any CPU
		{0F3B1FCD-8020-4B73-BDC6-DEDF9BE522A4}.Release|x64.ActiveCfg = Release|Any CPU
		{0F3B1FCD-8020-4B73-BDC6-DEDF9BE522A4}.Release|x64.Build.0 = Release|Any CPU
		{0F3B1FCD-8020-4B73-BDC6-DEDF9BE522A4}.Release|x86.ActiveCfg = Release|Any CPU
		{0F3B1FCD-8020-4B73-BDC6-DEDF9BE522A4}.Release|x86.Build.0 = Release|Any CPU
		{342DD87E-BE5A-4277-A4CC-7A3057648D70}.Debug|Any CPU.ActiveCfg = Debug|Any CPU
		{342DD87E-BE5A-4277-A4CC-7A3057648D70}.Debug|Any CPU.Build.0 = Debug|Any CPU
		{342DD87E-BE5A-4277-A4CC-7A3057648D70}.Debug|x64.ActiveCfg = Debug|Any CPU
		{342DD87E-BE5A-4277-A4CC-7A3057648D70}.Debug|x64.Build.0 = Debug|Any CPU
		{342DD87E-BE5A-4277-A4CC-7A3057648D70}.Debug|x86.ActiveCfg = Debug|Any CPU
		{342DD87E-BE5A-4277-A4CC-7A3057648D70}.Debug|x86.Build.0 = Debug|Any CPU
		{342DD87E-BE5A-4277-A4CC-7A3057648D70}.Release|Any CPU.ActiveCfg = Release|Any CPU
		{342DD87E-BE5A-4277-A4CC-7A3057648D70}.Release|Any CPU.Build.0 = Release|Any CPU
		{342DD87E-BE5A-4277-A4CC-7A3057648D70}.Release|x64.ActiveCfg = Release|Any CPU
		{342DD87E-BE5A-4277-A4CC-7A3057648D70}.Release|x64.Build.0 = Release|Any CPU
		{342DD87E-BE5A-4277-A4CC-7A3057648D70}.Release|x86.ActiveCfg = Release|Any CPU
		{342DD87E-BE5A-4277-A4CC-7A3057648D70}.Release|x86.Build.0 = Release|Any CPU
		{908F4608-BF4E-4245-B39D-F0FE13DECFD1}.Debug|Any CPU.ActiveCfg = Debug|Win32
		{908F4608-BF4E-4245-B39D-F0FE13DECFD1}.Debug|x64.ActiveCfg = Debug|x64
		{908F4608-BF4E-4245-B39D-F0FE13DECFD1}.Debug|x64.Build.0 = Debug|x64
		{908F4608-BF4E-4245-B39D-F0FE13DECFD1}.Debug|x86.ActiveCfg = Debug|Win32
		{908F4608-BF4E-4245-B39D-F0FE13DECFD1}.Debug|x86.Build.0 = Debug|Win32
		{908F4608-BF4E-4245-B39D-F0FE13DECFD1}.Release|Any CPU.ActiveCfg = Release|Win32
		{908F4608-BF4E-4245-B39D-F0FE13DECFD1}.Release|x64.ActiveCfg = Release|x64
		{908F4608-BF4E-4245-B39D-F0FE13DECFD1}.Release|x64.Build.0 = Release|x64
		{908F4608-BF4E-4245-B39D-F0FE13DECFD1}.Release|x86.ActiveCfg = Release|Win32
		{908F4608-BF4E-4245-B39D-F0FE13DECFD1}.Release|x86.Build.0 = Release|Win32
		{6BB86BFE-0927-4167-A961-28CBBD00DEB3}.Debug|Any CPU.ActiveCfg = Debug|Win32
		{6BB86BFE-0927-4167-A961-28CBBD00DEB3}.Debug|x64.ActiveCfg = Debug|x64
		{6BB86BFE-0927-4167-A961-28CBBD00DEB3}.Debug|x64.Build.0 = Debug|x64
		{6BB86BFE-0927-4167-A961-28CBBD00DEB3}.Debug|x86.ActiveCfg = Debug|Win32
		{6BB86BFE-0927-4167-A961-28CBBD00DEB3}.Debug|x86.Build.0 = Debug|Win32
		{6BB86BFE-0927-4167-A961-28CBBD00DEB3}.Release|Any CPU.ActiveCfg = Release|Win32
		{6BB86BFE-0927-4167-A961-28CBBD00DEB3}.Release|x64.ActiveCfg = Release|x64
		{6BB86BFE-0927-4167-A961-28CBBD00DEB3}.Release|x64.Build.0 = Release|x64
		{6BB86BFE-0927-4167-A961-28CBBD00DEB3}.Release|x86.ActiveCfg = Release|Win32
		{6BB86BFE-0927-4167-A961-28CBBD00DEB3}.Release|x86.Build.0 = Release|Win32
		{E6EA968B-7812-4E10-B32C-B0BBEF26EBBE}.Debug|Any CPU.ActiveCfg = Debug|Any CPU
		{E6EA968B-7812-4E10-B32C-B0BBEF26EBBE}.Debug|Any CPU.Build.0 = Debug|Any CPU
		{E6EA968B-7812-4E10-B32C-B0BBEF26EBBE}.Debug|x64.ActiveCfg = Debug|Any CPU
		{E6EA968B-7812-4E10-B32C-B0BBEF26EBBE}.Debug|x64.Build.0 = Debug|Any CPU
		{E6EA968B-7812-4E10-B32C-B0BBEF26EBBE}.Debug|x86.ActiveCfg = Debug|Any CPU
		{E6EA968B-7812-4E10-B32C-B0BBEF26EBBE}.Debug|x86.Build.0 = Debug|Any CPU
		{E6EA968B-7812-4E10-B32C-B0BBEF26EBBE}.Release|Any CPU.ActiveCfg = Release|Any CPU
		{E6EA968B-7812-4E10-B32C-B0BBEF26EBBE}.Release|Any CPU.Build.0 = Release|Any CPU
		{E6EA968B-7812-4E10-B32C-B0BBEF26EBBE}.Release|x64.ActiveCfg = Release|Any CPU
		{E6EA968B-7812-4E10-B32C-B0BBEF26EBBE}.Release|x64.Build.0 = Release|Any CPU
		{E6EA968B-7812-4E10-B32C-B0BBEF26EBBE}.Release|x86.ActiveCfg = Release|Any CPU
		{E6EA968B-7812-4E10-B32C-B0BBEF26EBBE}.Release|x86.Build.0 = Release|Any CPU
	EndGlobalSection
	GlobalSection(SolutionProperties) = preSolution
		HideSolutionNode = FALSE
	EndGlobalSection
EndGlobal
